// !$*UTF8*$!
{
	archiveVersion = 1;
	classes = {
	};
	objectVersion = 56;
	objects = {

/* Begin PBXBuildFile section */
		9607B29F2905619E00501838 /* MapView.swift in Sources */ = {isa = PBXBuildFile; fileRef = 9607B29E2905619E00501838 /* MapView.swift */; };
		9607B2A129056AE800501838 /* landmarkData.json in Resources */ = {isa = PBXBuildFile; fileRef = 9607B2A029056AE800501838 /* landmarkData.json */; };
		9607B2A329056B0500501838 /* Landmark.swift in Sources */ = {isa = PBXBuildFile; fileRef = 9607B2A229056B0500501838 /* Landmark.swift */; };
		9607B2A529056DE400501838 /* ModelData.swift in Sources */ = {isa = PBXBuildFile; fileRef = 9607B2A429056DE400501838 /* ModelData.swift */; };
		9607B2AA2905709D00501838 /* LandmarkRow.swift in Sources */ = {isa = PBXBuildFile; fileRef = 9607B2A92905709D00501838 /* LandmarkRow.swift */; };
		9607B2AC290571B600501838 /* LandmarkList.swift in Sources */ = {isa = PBXBuildFile; fileRef = 9607B2AB290571B600501838 /* LandmarkList.swift */; };
		9607B2AE2905729200501838 /* LandmarkDetail.swift in Sources */ = {isa = PBXBuildFile; fileRef = 9607B2AD2905729200501838 /* LandmarkDetail.swift */; };
		9607B2B02905A6F000501838 /* FavoriteButton.swift in Sources */ = {isa = PBXBuildFile; fileRef = 9607B2AF2905A6F000501838 /* FavoriteButton.swift */; };
		96CE665E290545B8009D05BD /* LandmarksApp.swift in Sources */ = {isa = PBXBuildFile; fileRef = 96CE665D290545B8009D05BD /* LandmarksApp.swift */; };
		96CE6660290545B8009D05BD /* ContentView.swift in Sources */ = {isa = PBXBuildFile; fileRef = 96CE665F290545B8009D05BD /* ContentView.swift */; };
		96CE6662290545B9009D05BD /* Assets.xcassets in Resources */ = {isa = PBXBuildFile; fileRef = 96CE6661290545B9009D05BD /* Assets.xcassets */; };
		96CE6665290545B9009D05BD /* Preview Assets.xcassets in Resources */ = {isa = PBXBuildFile; fileRef = 96CE6664290545B9009D05BD /* Preview Assets.xcassets */; };
		96CE666E29054892009D05BD /* CircleImage.swift in Sources */ = {isa = PBXBuildFile; fileRef = 96CE666D29054892009D05BD /* CircleImage.swift */; };
/* End PBXBuildFile section */

/* Begin PBXFileReference section */
		9607B29E2905619E00501838 /* MapView.swift */ = {isa = PBXFileReference; lastKnownFileType = sourcecode.swift; path = MapView.swift; sourceTree = "<group>"; };
		9607B2A029056AE800501838 /* landmarkData.json */ = {isa = PBXFileReference; fileEncoding = 4; lastKnownFileType = text.json; path = landmarkData.json; sourceTree = "<group>"; };
		9607B2A229056B0500501838 /* Landmark.swift */ = {isa = PBXFileReference; lastKnownFileType = sourcecode.swift; path = Landmark.swift; sourceTree = "<group>"; };
		9607B2A429056DE400501838 /* ModelData.swift */ = {isa = PBXFileReference; lastKnownFileType = sourcecode.swift; path = ModelData.swift; sourceTree = "<group>"; };
		9607B2A92905709D00501838 /* LandmarkRow.swift */ = {isa = PBXFileReference; lastKnownFileType = sourcecode.swift; path = LandmarkRow.swift; sourceTree = "<group>"; };
		9607B2AB290571B600501838 /* LandmarkList.swift */ = {isa = PBXFileReference; lastKnownFileType = sourcecode.swift; path = LandmarkList.swift; sourceTree = "<group>"; };
		9607B2AD2905729200501838 /* LandmarkDetail.swift */ = {isa = PBXFileReference; lastKnownFileType = sourcecode.swift; path = LandmarkDetail.swift; sourceTree = "<group>"; };
		9607B2AF2905A6F000501838 /* FavoriteButton.swift */ = {isa = PBXFileReference; lastKnownFileType = sourcecode.swift; path = FavoriteButton.swift; sourceTree = "<group>"; };
		96CE665A290545B8009D05BD /* LandmarksApp.app */ = {isa = PBXFileReference; explicitFileType = wrapper.application; includeInIndex = 0; path = LandmarksApp.app; sourceTree = BUILT_PRODUCTS_DIR; };
		96CE665D290545B8009D05BD /* LandmarksApp.swift */ = {isa = PBXFileReference; lastKnownFileType = sourcecode.swift; path = LandmarksApp.swift; sourceTree = "<group>"; };
		96CE665F290545B8009D05BD /* ContentView.swift */ = {isa = PBXFileReference; lastKnownFileType = sourcecode.swift; path = ContentView.swift; sourceTree = "<group>"; };
		96CE6661290545B9009D05BD /* Assets.xcassets */ = {isa = PBXFileReference; lastKnownFileType = folder.assetcatalog; path = Assets.xcassets; sourceTree = "<group>"; };
		96CE6664290545B9009D05BD /* Preview Assets.xcassets */ = {isa = PBXFileReference; lastKnownFileType = folder.assetcatalog; path = "Preview Assets.xcassets"; sourceTree = "<group>"; };
		96CE666D29054892009D05BD /* CircleImage.swift */ = {isa = PBXFileReference; lastKnownFileType = sourcecode.swift; path = CircleImage.swift; sourceTree = "<group>"; };
/* End PBXFileReference section */

/* Begin PBXFrameworksBuildPhase section */
		96CE6657290545B8009D05BD /* Frameworks */ = {
			isa = PBXFrameworksBuildPhase;
			buildActionMask = 2147483647;
			files = (
			);
			runOnlyForDeploymentPostprocessing = 0;
		};
/* End PBXFrameworksBuildPhase section */

/* Begin PBXGroup section */
		9607B2A629056F9F00501838 /* Views */ = {
			isa = PBXGroup;
			children = (
				96CE665F290545B8009D05BD /* ContentView.swift */,
			);
			path = Views;
			sourceTree = "<group>";
		};
		9607B2A729056FAB00501838 /* Model */ = {
			isa = PBXGroup;
			children = (
				9607B2A229056B0500501838 /* Landmark.swift */,
				9607B2A429056DE400501838 /* ModelData.swift */,
			);
			path = Model;
			sourceTree = "<group>";
		};
		9607B2A829056FC000501838 /* Resources */ = {
			isa = PBXGroup;
			children = (
				9607B2A029056AE800501838 /* landmarkData.json */,
			);
			path = Resources;
			sourceTree = "<group>";
		};
		9607B2B12905A7B100501838 /* Helpers */ = {
			isa = PBXGroup;
			children = (
				9607B2AF2905A6F000501838 /* FavoriteButton.swift */,
				96CE666D29054892009D05BD /* CircleImage.swift */,
				9607B29E2905619E00501838 /* MapView.swift */,
			);
			path = Helpers;
			sourceTree = "<group>";
		};
		9607B2B22905A7C900501838 /* Landmarks */ = {
			isa = PBXGroup;
			children = (
				9607B2AB290571B600501838 /* LandmarkList.swift */,
				9607B2AD2905729200501838 /* LandmarkDetail.swift */,
				9607B2A92905709D00501838 /* LandmarkRow.swift */,
			);
			path = Landmarks;
			sourceTree = "<group>";
		};
		96CE6651290545B8009D05BD = {
			isa = PBXGroup;
			children = (
				9607B2A829056FC000501838 /* Resources */,
				96CE665C290545B8009D05BD /* LandmarksApp */,
				96CE665B290545B8009D05BD /* Products */,
			);
			sourceTree = "<group>";
		};
		96CE665B290545B8009D05BD /* Products */ = {
			isa = PBXGroup;
			children = (
				96CE665A290545B8009D05BD /* LandmarksApp.app */,
			);
			name = Products;
			sourceTree = "<group>";
		};
		96CE665C290545B8009D05BD /* LandmarksApp */ = {
			isa = PBXGroup;
			children = (
				96CE665D290545B8009D05BD /* LandmarksApp.swift */,
				9607B2B22905A7C900501838 /* Landmarks */,
				9607B2B12905A7B100501838 /* Helpers */,
				9607B2A629056F9F00501838 /* Views */,
				9607B2A729056FAB00501838 /* Model */,
				96CE6661290545B9009D05BD /* Assets.xcassets */,
				96CE6663290545B9009D05BD /* Preview Content */,
			);
			path = LandmarksApp;
			sourceTree = "<group>";
		};
		96CE6663290545B9009D05BD /* Preview Content */ = {
			isa = PBXGroup;
			children = (
				96CE6664290545B9009D05BD /* Preview Assets.xcassets */,
			);
			path = "Preview Content";
			sourceTree = "<group>";
		};
/* End PBXGroup section */

/* Begin PBXNativeTarget section */
		96CE6659290545B8009D05BD /* LandmarksApp */ = {
			isa = PBXNativeTarget;
			buildConfigurationList = 96CE6668290545B9009D05BD /* Build configuration list for PBXNativeTarget "LandmarksApp" */;
			buildPhases = (
				96CE6656290545B8009D05BD /* Sources */,
				96CE6657290545B8009D05BD /* Frameworks */,
				96CE6658290545B8009D05BD /* Resources */,
			);
			buildRules = (
			);
			dependencies = (
			);
			name = LandmarksApp;
			productName = LandmarksApp;
			productReference = 96CE665A290545B8009D05BD /* LandmarksApp.app */;
			productType = "com.apple.product-type.application";
		};
/* End PBXNativeTarget section */

/* Begin PBXProject section */
		96CE6652290545B8009D05BD /* Project object */ = {
			isa = PBXProject;
			attributes = {
				BuildIndependentTargetsInParallel = 1;
				LastSwiftUpdateCheck = 1400;
				LastUpgradeCheck = 1400;
				TargetAttributes = {
					96CE6659290545B8009D05BD = {
						CreatedOnToolsVersion = 14.0.1;
					};
				};
			};
			buildConfigurationList = 96CE6655290545B8009D05BD /* Build configuration list for PBXProject "LandmarksApp" */;
			compatibilityVersion = "Xcode 14.0";
			developmentRegion = en;
			hasScannedForEncodings = 0;
			knownRegions = (
				en,
				Base,
			);
			mainGroup = 96CE6651290545B8009D05BD;
			productRefGroup = 96CE665B290545B8009D05BD /* Products */;
			projectDirPath = "";
			projectRoot = "";
			targets = (
				96CE6659290545B8009D05BD /* LandmarksApp */,
			);
		};
/* End PBXProject section */

/* Begin PBXResourcesBuildPhase section */
		96CE6658290545B8009D05BD /* Resources */ = {
			isa = PBXResourcesBuildPhase;
			buildActionMask = 2147483647;
			files = (
				96CE6665290545B9009D05BD /* Preview Assets.xcassets in Resources */,
				96CE6662290545B9009D05BD /* Assets.xcassets in Resources */,
				9607B2A129056AE800501838 /* landmarkData.json in Resources */,
			);
			runOnlyForDeploymentPostprocessing = 0;
		};
/* End PBXResourcesBuildPhase section */

/* Begin PBXSourcesBuildPhase section */
		96CE6656290545B8009D05BD /* Sources */ = {
			isa = PBXSourcesBuildPhase;
			buildActionMask = 2147483647;
			files = (
				96CE6660290545B8009D05BD /* ContentView.swift in Sources */,
				9607B2AA2905709D00501838 /* LandmarkRow.swift in Sources */,
				9607B29F2905619E00501838 /* MapView.swift in Sources */,
				9607B2AC290571B600501838 /* LandmarkList.swift in Sources */,
				9607B2B02905A6F000501838 /* FavoriteButton.swift in Sources */,
				9607B2AE2905729200501838 /* LandmarkDetail.swift in Sources */,
				96CE665E290545B8009D05BD /* LandmarksApp.swift in Sources */,
				96CE666E29054892009D05BD /* CircleImage.swift in Sources */,
				9607B2A329056B0500501838 /* Landmark.swift in Sources */,
				9607B2A529056DE400501838 /* ModelData.swift in Sources */,
			);
			runOnlyForDeploymentPostprocessing = 0;
		};
/* End PBXSourcesBuildPhase section */

/* Begin XCBuildConfiguration section */
		96CE6666290545B9009D05BD /* Debug */ = {
			isa = XCBuildConfiguration;
			buildSettings = {
				ALWAYS_SEARCH_USER_PATHS = NO;
				CLANG_ANALYZER_NONNULL = YES;
				CLANG_ANALYZER_NUMBER_OBJECT_CONVERSION = YES_AGGRESSIVE;
				CLANG_CXX_LANGUAGE_STANDARD = "gnu++20";
				CLANG_ENABLE_MODULES = YES;
				CLANG_ENABLE_OBJC_ARC = YES;
				CLANG_ENABLE_OBJC_WEAK = YES;
				CLANG_WARN_BLOCK_CAPTURE_AUTORELEASING = YES;
				CLANG_WARN_BOOL_CONVERSION = YES;
				CLANG_WARN_COMMA = YES;
				CLANG_WARN_CONSTANT_CONVERSION = YES;
				CLANG_WARN_DEPRECATED_OBJC_IMPLEMENTATIONS = YES;
				CLANG_WARN_DIRECT_OBJC_ISA_USAGE = YES_ERROR;
				CLANG_WARN_DOCUMENTATION_COMMENTS = YES;
				CLANG_WARN_EMPTY_BODY = YES;
				CLANG_WARN_ENUM_CONVERSION = YES;
				CLANG_WARN_INFINITE_RECURSION = YES;
				CLANG_WARN_INT_CONVERSION = YES;
				CLANG_WARN_NON_LITERAL_NULL_CONVERSION = YES;
				CLANG_WARN_OBJC_IMPLICIT_RETAIN_SELF = YES;
				CLANG_WARN_OBJC_LITERAL_CONVERSION = YES;
				CLANG_WARN_OBJC_ROOT_CLASS = YES_ERROR;
				CLANG_WARN_QUOTED_INCLUDE_IN_FRAMEWORK_HEADER = YES;
				CLANG_WARN_RANGE_LOOP_ANALYSIS = YES;
				CLANG_WARN_STRICT_PROTOTYPES = YES;
				CLANG_WARN_SUSPICIOUS_MOVE = YES;
				CLANG_WARN_UNGUARDED_AVAILABILITY = YES_AGGRESSIVE;
				CLANG_WARN_UNREACHABLE_CODE = YES;
				CLANG_WARN__DUPLICATE_METHOD_MATCH = YES;
				COPY_PHASE_STRIP = NO;
				DEBUG_INFORMATION_FORMAT = dwarf;
				ENABLE_STRICT_OBJC_MSGSEND = YES;
				ENABLE_TESTABILITY = YES;
				GCC_C_LANGUAGE_STANDARD = gnu11;
				GCC_DYNAMIC_NO_PIC = NO;
				GCC_NO_COMMON_BLOCKS = YES;
				GCC_OPTIMIZATION_LEVEL = 0;
				GCC_PREPROCESSOR_DEFINITIONS = (
					"DEBUG=1",
					"$(inherited)",
				);
				GCC_WARN_64_TO_32_BIT_CONVERSION = YES;
				GCC_WARN_ABOUT_RETURN_TYPE = YES_ERROR;
				GCC_WARN_UNDECLARED_SELECTOR = YES;
				GCC_WARN_UNINITIALIZED_AUTOS = YES_AGGRESSIVE;
				GCC_WARN_UNUSED_FUNCTION = YES;
				GCC_WARN_UNUSED_VARIABLE = YES;
				IPHONEOS_DEPLOYMENT_TARGET = 16.0;
				MTL_ENABLE_DEBUG_INFO = INCLUDE_SOURCE;
				MTL_FAST_MATH = YES;
				ONLY_ACTIVE_ARCH = YES;
				SDKROOT = iphoneos;
				SWIFT_ACTIVE_COMPILATION_CONDITIONS = DEBUG;
				SWIFT_OPTIMIZATION_LEVEL = "-Onone";
			};
			name = Debug;
		};
		96CE6667290545B9009D05BD /* Release */ = {
			isa = XCBuildConfiguration;
			buildSettings = {
				ALWAYS_SEARCH_USER_PATHS = NO;
				CLANG_ANALYZER_NONNULL = YES;
				CLANG_ANALYZER_NUMBER_OBJECT_CONVERSION = YES_AGGRESSIVE;
				CLANG_CXX_LANGUAGE_STANDARD = "gnu++20";
				CLANG_ENABLE_MODULES = YES;
				CLANG_ENABLE_OBJC_ARC = YES;
				CLANG_ENABLE_OBJC_WEAK = YES;
				CLANG_WARN_BLOCK_CAPTURE_AUTORELEASING = YES;
				CLANG_WARN_BOOL_CONVERSION = YES;
				CLANG_WARN_COMMA = YES;
				CLANG_WARN_CONSTANT_CONVERSION = YES;
				CLANG_WARN_DEPRECATED_OBJC_IMPLEMENTATIONS = YES;
				CLANG_WARN_DIRECT_OBJC_ISA_USAGE = YES_ERROR;
				CLANG_WARN_DOCUMENTATION_COMMENTS = YES;
				CLANG_WARN_EMPTY_BODY = YES;
				CLANG_WARN_ENUM_CONVERSION = YES;
				CLANG_WARN_INFINITE_RECURSION = YES;
				CLANG_WARN_INT_CONVERSION = YES;
				CLANG_WARN_NON_LITERAL_NULL_CONVERSION = YES;
				CLANG_WARN_OBJC_IMPLICIT_RETAIN_SELF = YES;
				CLANG_WARN_OBJC_LITERAL_CONVERSION = YES;
				CLANG_WARN_OBJC_ROOT_CLASS = YES_ERROR;
				CLANG_WARN_QUOTED_INCLUDE_IN_FRAMEWORK_HEADER = YES;
				CLANG_WARN_RANGE_LOOP_ANALYSIS = YES;
				CLANG_WARN_STRICT_PROTOTYPES = YES;
				CLANG_WARN_SUSPICIOUS_MOVE = YES;
				CLANG_WARN_UNGUARDED_AVAILABILITY = YES_AGGRESSIVE;
				CLANG_WARN_UNREACHABLE_CODE = YES;
				CLANG_WARN__DUPLICATE_METHOD_MATCH = YES;
				COPY_PHASE_STRIP = NO;
				DEBUG_INFORMATION_FORMAT = "dwarf-with-dsym";
				ENABLE_NS_ASSERTIONS = NO;
				ENABLE_STRICT_OBJC_MSGSEND = YES;
				GCC_C_LANGUAGE_STANDARD = gnu11;
				GCC_NO_COMMON_BLOCKS = YES;
				GCC_WARN_64_TO_32_BIT_CONVERSION = YES;
				GCC_WARN_ABOUT_RETURN_TYPE = YES_ERROR;
				GCC_WARN_UNDECLARED_SELECTOR = YES;
				GCC_WARN_UNINITIALIZED_AUTOS = YES_AGGRESSIVE;
				GCC_WARN_UNUSED_FUNCTION = YES;
				GCC_WARN_UNUSED_VARIABLE = YES;
				IPHONEOS_DEPLOYMENT_TARGET = 16.0;
				MTL_ENABLE_DEBUG_INFO = NO;
				MTL_FAST_MATH = YES;
				SDKROOT = iphoneos;
				SWIFT_COMPILATION_MODE = wholemodule;
				SWIFT_OPTIMIZATION_LEVEL = "-O";
				VALIDATE_PRODUCT = YES;
			};
			name = Release;
		};
		96CE6669290545B9009D05BD /* Debug */ = {
			isa = XCBuildConfiguration;
			buildSettings = {
				ASSETCATALOG_COMPILER_APPICON_NAME = AppIcon;
				ASSETCATALOG_COMPILER_GLOBAL_ACCENT_COLOR_NAME = AccentColor;
				CODE_SIGN_STYLE = Automatic;
				CURRENT_PROJECT_VERSION = 1;
				DEVELOPMENT_ASSET_PATHS = "\"LandmarksApp/Preview Content\"";
				ENABLE_PREVIEWS = YES;
				GENERATE_INFOPLIST_FILE = YES;
				INFOPLIST_KEY_UIApplicationSceneManifest_Generation = YES;
				INFOPLIST_KEY_UIApplicationSupportsIndirectInputEvents = YES;
				INFOPLIST_KEY_UILaunchScreen_Generation = YES;
				INFOPLIST_KEY_UISupportedInterfaceOrientations_iPad = "UIInterfaceOrientationPortrait UIInterfaceOrientationPortraitUpsideDown UIInterfaceOrientationLandscapeLeft UIInterfaceOrientationLandscapeRight";
				INFOPLIST_KEY_UISupportedInterfaceOrientations_iPhone = "UIInterfaceOrientationPortrait UIInterfaceOrientationLandscapeLeft UIInterfaceOrientationLandscapeRight";
				LD_RUNPATH_SEARCH_PATHS = (
					"$(inherited)",
					"@executable_path/Frameworks",
				);
				MARKETING_VERSION = 1.0;
				PRODUCT_BUNDLE_IDENTIFIER = com.ahmd.pilot.LandmarksApp;
				PRODUCT_NAME = "$(TARGET_NAME)";
				SWIFT_EMIT_LOC_STRINGS = YES;
				SWIFT_VERSION = 5.0;
				TARGETED_DEVICE_FAMILY = "1,2";
			};
			name = Debug;
		};
		96CE666A290545B9009D05BD /* Release */ = {
			isa = XCBuildConfiguration;
			buildSettings = {
				ASSETCATALOG_COMPILER_APPICON_NAME = AppIcon;
				ASSETCATALOG_COMPILER_GLOBAL_ACCENT_COLOR_NAME = AccentColor;
				CODE_SIGN_STYLE = Automatic;
				CURRENT_PROJECT_VERSION = 1;
				DEVELOPMENT_ASSET_PATHS = "\"LandmarksApp/Preview Content\"";
				ENABLE_PREVIEWS = YES;
				GENERATE_INFOPLIST_FILE = YES;
				INFOPLIST_KEY_UIApplicationSceneManifest_Generation = YES;
				INFOPLIST_KEY_UIApplicationSupportsIndirectInputEvents = YES;
				INFOPLIST_KEY_UILaunchScreen_Generation = YES;
				INFOPLIST_KEY_UISupportedInterfaceOrientations_iPad = "UIInterfaceOrientationPortrait UIInterfaceOrientationPortraitUpsideDown UIInterfaceOrientationLandscapeLeft UIInterfaceOrientationLandscapeRight";
				INFOPLIST_KEY_UISupportedInterfaceOrientations_iPhone = "UIInterfaceOrientationPortrait UIInterfaceOrientationLandscapeLeft UIInterfaceOrientationLandscapeRight";
				LD_RUNPATH_SEARCH_PATHS = (
					"$(inherited)",
					"@executable_path/Frameworks",
				);
				MARKETING_VERSION = 1.0;
				PRODUCT_BUNDLE_IDENTIFIER = com.ahmd.pilot.LandmarksApp;
				PRODUCT_NAME = "$(TARGET_NAME)";
				SWIFT_EMIT_LOC_STRINGS = YES;
				SWIFT_VERSION = 5.0;
				TARGETED_DEVICE_FAMILY = "1,2";
			};
			name = Release;
		};
/* End XCBuildConfiguration section */

/* Begin XCConfigurationList section */
		96CE6655290545B8009D05BD /* Build configuration list for PBXProject "LandmarksApp" */ = {
			isa = XCConfigurationList;
			buildConfigurations = (
				96CE6666290545B9009D05BD /* Debug */,
				96CE6667290545B9009D05BD /* Release */,
			);
			defaultConfigurationIsVisible = 0;
			defaultConfigurationName = Release;
		};
		96CE6668290545B9009D05BD /* Build configuration list for PBXNativeTarget "LandmarksApp" */ = {
			isa = XCConfigurationList;
			buildConfigurations = (
				96CE6669290545B9009D05BD /* Debug */,
				96CE666A290545B9009D05BD /* Release */,
			);
			defaultConfigurationIsVisible = 0;
			defaultConfigurationName = Release;
		};
/* End XCConfigurationList section */
	};
	rootObject = 96CE6652290545B8009D05BD /* Project object */;
}
